
Microsoft Visual Studio Solution File, Format Version 12.00
# Visual Studio Version 17
VisualStudioVersion = 17.12.35707.178
MinimumVisualStudioVersion = 10.0.40219.1
Project("{FAE04EC0-301F-11D3-BF4B-00C04F79EFBC}") = "DemoKozlov", "HaHotel\DemoKozlov.csproj", "{22C5574E-5DFC-4102-82A7-BA3628E4EB98}"
EndProject
Project("{FAE04EC0-301F-11D3-BF4B-00C04F79EFBC}") = "Utilities", "Utilities\Utilities.csproj", "{DD29BC01-3E6B-7E3C-8940-A61C0C42100C}"
EndProject
Project("{FAE04EC0-301F-11D3-BF4B-00C04F79EFBC}") = "DEMO_KOZLOV.DataBase", "Rukn.DataBase\DEMO_KOZLOV.DataBase.csproj", "{ADB21BDE-A4F6-41B4-8936-D0BA23E25AB0}"
EndProject
Global
	GlobalSection(SolutionConfigurationPlatforms) = preSolution
		Debug|Any CPU = Debug|Any CPU
		Release|Any CPU = Release|Any CPU
	EndGlobalSection
	GlobalSection(ProjectConfigurationPlatforms) = postSolution
		{22C5574E-5DFC-4102-82A7-BA3628E4EB98}.Debug|Any CPU.ActiveCfg = Debug|Any CPU
		{22C5574E-5DFC-4102-82A7-BA3628E4EB98}.Debug|Any CPU.Build.0 = Debug|Any CPU
		{22C5574E-5DFC-4102-82A7-BA3628E4EB98}.Release|Any CPU.ActiveCfg = Release|Any CPU
		{22C5574E-5DFC-4102-82A7-BA3628E4EB98}.Release|Any CPU.Build.0 = Release|Any CPU
		{DD29BC01-3E6B-7E3C-8940-A61C0C42100C}.Debug|Any CPU.ActiveCfg = Debug|Any CPU
		{DD29BC01-3E6B-7E3C-8940-A61C0C42100C}.Debug|Any CPU.Build.0 = Debug|Any CPU
		{DD29BC01-3E6B-7E3C-8940-A61C0C42100C}.Release|Any CPU.ActiveCfg = Release|Any CPU
		{DD29BC01-3E6B-7E3C-8940-A61C0C42100C}.Release|Any CPU.Build.0 = Release|Any CPU
		{ADB21BDE-A4F6-41B4-8936-D0BA23E25AB0}.Debug|Any CPU.ActiveCfg = Debug|Any CPU
		{ADB21BDE-A4F6-41B4-8936-D0BA23E25AB0}.Debug|Any CPU.Build.0 = Debug|Any CPU
		{ADB21BDE-A4F6-41B4-8936-D0BA23E25AB0}.Release|Any CPU.ActiveCfg = Release|Any CPU
		{ADB21BDE-A4F6-41B4-8936-D0BA23E25AB0}.Release|Any CPU.Build.0 = Release|Any CPU
	EndGlobalSection
	GlobalSection(SolutionProperties) = preSolution
		HideSolutionNode = FALSE
	EndGlobalSection
	GlobalSection(ExtensibilityGlobals) = postSolution
		SolutionGuid = {4311E70B-D306-47F6-91DA-397795BF2E6C}
	EndGlobalSection
EndGlobal
